
Microsoft Visual Studio Solution File, Format Version 12.00
# Visual Studio Version 17
VisualStudioVersion = 17.4.33110.190
MinimumVisualStudioVersion = 10.0.40219.1
Project("{6EC3EE1D-3C4E-46DD-8F32-0CC8E7565705}") = "MultiNavPageStashTemplate", "MultiNavPageStashTemplate\MultiNavPageStashTemplate.fsproj", "{6277F89E-AF71-48A5-8A1D-DC9C1FDBF7CE}"
EndProject
Project("{F2A71F9B-5D33-465A-A702-920D77279786}") = "MultiNavPageStashTemplate.iOS", "MultiNavPageStashTemplate.iOS\MultiNavPageStashTemplate.iOS.fsproj", "{62BF9C38-5A9A-4D33-9864-30ACF2DE32E8}"
EndProject
Project("{F2A71F9B-5D33-465A-A702-920D77279786}") = "MultiNavPageStashTemplate.Android", "MultiNavPageStashTemplate.Android\MultiNavPageStashTemplate.Android.fsproj", "{D87EE3CA-EDBC-454F-A9A3-737E7A556476}"
EndProject
Global
	GlobalSection(SolutionConfigurationPlatforms) = preSolution
		Ad-Hoc|Any CPU = Ad-Hoc|Any CPU
		Ad-Hoc|iPhone = Ad-Hoc|iPhone
		Ad-Hoc|iPhoneSimulator = Ad-Hoc|iPhoneSimulator
		AppStore|Any CPU = AppStore|Any CPU
		AppStore|iPhone = AppStore|iPhone
		AppStore|iPhoneSimulator = AppStore|iPhoneSimulator
		Debug|Any CPU = Debug|Any CPU
		Debug|iPhone = Debug|iPhone
		Debug|iPhoneSimulator = Debug|iPhoneSimulator
		Release|Any CPU = Release|Any CPU
		Release|iPhone = Release|iPhone
		Release|iPhoneSimulator = Release|iPhoneSimulator
	EndGlobalSection
	GlobalSection(ProjectConfigurationPlatforms) = postSolution
		{6277F89E-AF71-48A5-8A1D-DC9C1FDBF7CE}.Ad-Hoc|Any CPU.ActiveCfg = Debug|Any CPU
		{6277F89E-AF71-48A5-8A1D-DC9C1FDBF7CE}.Ad-Hoc|Any CPU.Build.0 = Debug|Any CPU
		{6277F89E-AF71-48A5-8A1D-DC9C1FDBF7CE}.Ad-Hoc|iPhone.ActiveCfg = Debug|Any CPU
		{6277F89E-AF71-48A5-8A1D-DC9C1FDBF7CE}.Ad-Hoc|iPhone.Build.0 = Debug|Any CPU
		{6277F89E-AF71-48A5-8A1D-DC9C1FDBF7CE}.Ad-Hoc|iPhoneSimulator.ActiveCfg = Debug|Any CPU
		{6277F89E-AF71-48A5-8A1D-DC9C1FDBF7CE}.Ad-Hoc|iPhoneSimulator.Build.0 = Debug|Any CPU
		{6277F89E-AF71-48A5-8A1D-DC9C1FDBF7CE}.AppStore|Any CPU.ActiveCfg = Debug|Any CPU
		{6277F89E-AF71-48A5-8A1D-DC9C1FDBF7CE}.AppStore|Any CPU.Build.0 = Debug|Any CPU
		{6277F89E-AF71-48A5-8A1D-DC9C1FDBF7CE}.AppStore|iPhone.ActiveCfg = Debug|Any CPU
		{6277F89E-AF71-48A5-8A1D-DC9C1FDBF7CE}.AppStore|iPhone.Build.0 = Debug|Any CPU
		{6277F89E-AF71-48A5-8A1D-DC9C1FDBF7CE}.AppStore|iPhoneSimulator.ActiveCfg = Debug|Any CPU
		{6277F89E-AF71-48A5-8A1D-DC9C1FDBF7CE}.AppStore|iPhoneSimulator.Build.0 = Debug|Any CPU
		{6277F89E-AF71-48A5-8A1D-DC9C1FDBF7CE}.Debug|Any CPU.ActiveCfg = Debug|Any CPU
		{6277F89E-AF71-48A5-8A1D-DC9C1FDBF7CE}.Debug|Any CPU.Build.0 = Debug|Any CPU
		{6277F89E-AF71-48A5-8A1D-DC9C1FDBF7CE}.Debug|iPhone.ActiveCfg = Debug|Any CPU
		{6277F89E-AF71-48A5-8A1D-DC9C1FDBF7CE}.Debug|iPhone.Build.0 = Debug|Any CPU
		{6277F89E-AF71-48A5-8A1D-DC9C1FDBF7CE}.Debug|iPhoneSimulator.ActiveCfg = Debug|Any CPU
		{6277F89E-AF71-48A5-8A1D-DC9C1FDBF7CE}.Debug|iPhoneSimulator.Build.0 = Debug|Any CPU
		{6277F89E-AF71-48A5-8A1D-DC9C1FDBF7CE}.Release|Any CPU.ActiveCfg = Release|Any CPU
		{6277F89E-AF71-48A5-8A1D-DC9C1FDBF7CE}.Release|Any CPU.Build.0 = Release|Any CPU
		{6277F89E-AF71-48A5-8A1D-DC9C1FDBF7CE}.Release|iPhone.ActiveCfg = Release|Any CPU
		{6277F89E-AF71-48A5-8A1D-DC9C1FDBF7CE}.Release|iPhone.Build.0 = Release|Any CPU
		{6277F89E-AF71-48A5-8A1D-DC9C1FDBF7CE}.Release|iPhoneSimulator.ActiveCfg = Release|Any CPU
		{6277F89E-AF71-48A5-8A1D-DC9C1FDBF7CE}.Release|iPhoneSimulator.Build.0 = Release|Any CPU
		{62BF9C38-5A9A-4D33-9864-30ACF2DE32E8}.Ad-Hoc|Any CPU.ActiveCfg = Ad-Hoc|iPhoneSimulator
		{62BF9C38-5A9A-4D33-9864-30ACF2DE32E8}.Ad-Hoc|Any CPU.Build.0 = Ad-Hoc|iPhoneSimulator
		{62BF9C38-5A9A-4D33-9864-30ACF2DE32E8}.Ad-Hoc|iPhone.ActiveCfg = Ad-Hoc|iPhone
		{62BF9C38-5A9A-4D33-9864-30ACF2DE32E8}.Ad-Hoc|iPhone.Build.0 = Ad-Hoc|iPhone
		{62BF9C38-5A9A-4D33-9864-30ACF2DE32E8}.Ad-Hoc|iPhoneSimulator.ActiveCfg = Ad-Hoc|iPhoneSimulator
		{62BF9C38-5A9A-4D33-9864-30ACF2DE32E8}.Ad-Hoc|iPhoneSimulator.Build.0 = Ad-Hoc|iPhoneSimulator
		{62BF9C38-5A9A-4D33-9864-30ACF2DE32E8}.AppStore|Any CPU.ActiveCfg = AppStore|iPhoneSimulator
		{62BF9C38-5A9A-4D33-9864-30ACF2DE32E8}.AppStore|Any CPU.Build.0 = AppStore|iPhoneSimulator
		{62BF9C38-5A9A-4D33-9864-30ACF2DE32E8}.AppStore|iPhone.ActiveCfg = AppStore|iPhone
		{62BF9C38-5A9A-4D33-9864-30ACF2DE32E8}.AppStore|iPhone.Build.0 = AppStore|iPhone
		{62BF9C38-5A9A-4D33-9864-30ACF2DE32E8}.AppStore|iPhoneSimulator.ActiveCfg = AppStore|iPhoneSimulator
		{62BF9C38-5A9A-4D33-9864-30ACF2DE32E8}.AppStore|iPhoneSimulator.Build.0 = AppStore|iPhoneSimulator
		{62BF9C38-5A9A-4D33-9864-30ACF2DE32E8}.Debug|Any CPU.ActiveCfg = Debug|iPhoneSimulator
		{62BF9C38-5A9A-4D33-9864-30ACF2DE32E8}.Debug|Any CPU.Build.0 = Debug|iPhoneSimulator
		{62BF9C38-5A9A-4D33-9864-30ACF2DE32E8}.Debug|iPhone.ActiveCfg = Debug|iPhone
		{62BF9C38-5A9A-4D33-9864-30ACF2DE32E8}.Debug|iPhone.Build.0 = Debug|iPhone
		{62BF9C38-5A9A-4D33-9864-30ACF2DE32E8}.Debug|iPhoneSimulator.ActiveCfg = Debug|iPhoneSimulator
		{62BF9C38-5A9A-4D33-9864-30ACF2DE32E8}.Debug|iPhoneSimulator.Build.0 = Debug|iPhoneSimulator
		{62BF9C38-5A9A-4D33-9864-30ACF2DE32E8}.Release|Any CPU.ActiveCfg = Release|iPhoneSimulator
		{62BF9C38-5A9A-4D33-9864-30ACF2DE32E8}.Release|Any CPU.Build.0 = Release|iPhoneSimulator
		{62BF9C38-5A9A-4D33-9864-30ACF2DE32E8}.Release|iPhone.ActiveCfg = Release|iPhone
		{62BF9C38-5A9A-4D33-9864-30ACF2DE32E8}.Release|iPhone.Build.0 = Release|iPhone
		{62BF9C38-5A9A-4D33-9864-30ACF2DE32E8}.Release|iPhoneSimulator.ActiveCfg = Release|iPhoneSimulator
		{62BF9C38-5A9A-4D33-9864-30ACF2DE32E8}.Release|iPhoneSimulator.Build.0 = Release|iPhoneSimulator
		{D87EE3CA-EDBC-454F-A9A3-737E7A556476}.Ad-Hoc|Any CPU.ActiveCfg = Debug|Any CPU
		{D87EE3CA-EDBC-454F-A9A3-737E7A556476}.Ad-Hoc|Any CPU.Build.0 = Debug|Any CPU
		{D87EE3CA-EDBC-454F-A9A3-737E7A556476}.Ad-Hoc|Any CPU.Deploy.0 = Debug|Any CPU
		{D87EE3CA-EDBC-454F-A9A3-737E7A556476}.Ad-Hoc|iPhone.ActiveCfg = Debug|Any CPU
		{D87EE3CA-EDBC-454F-A9A3-737E7A556476}.Ad-Hoc|iPhone.Build.0 = Debug|Any CPU
		{D87EE3CA-EDBC-454F-A9A3-737E7A556476}.Ad-Hoc|iPhone.Deploy.0 = Debug|Any CPU
		{D87EE3CA-EDBC-454F-A9A3-737E7A556476}.Ad-Hoc|iPhoneSimulator.ActiveCfg = Debug|Any CPU
		{D87EE3CA-EDBC-454F-A9A3-737E7A556476}.Ad-Hoc|iPhoneSimulator.Build.0 = Debug|Any CPU
		{D87EE3CA-EDBC-454F-A9A3-737E7A556476}.Ad-Hoc|iPhoneSimulator.Deploy.0 = Debug|Any CPU
		{D87EE3CA-EDBC-454F-A9A3-737E7A556476}.AppStore|Any CPU.ActiveCfg = Debug|Any CPU
		{D87EE3CA-EDBC-454F-A9A3-737E7A556476}.AppStore|Any CPU.Build.0 = Debug|Any CPU
		{D87EE3CA-EDBC-454F-A9A3-737E7A556476}.AppStore|Any CPU.Deploy.0 = Debug|Any CPU
		{D87EE3CA-EDBC-454F-A9A3-737E7A556476}.AppStore|iPhone.ActiveCfg = Debug|Any CPU
		{D87EE3CA-EDBC-454F-A9A3-737E7A556476}.AppStore|iPhone.Build.0 = Debug|Any CPU
		{D87EE3CA-EDBC-454F-A9A3-737E7A556476}.AppStore|iPhone.Deploy.0 = Debug|Any CPU
		{D87EE3CA-EDBC-454F-A9A3-737E7A556476}.AppStore|iPhoneSimulator.ActiveCfg = Debug|Any CPU
		{D87EE3CA-EDBC-454F-A9A3-737E7A556476}.AppStore|iPhoneSimulator.Build.0 = Debug|Any CPU
		{D87EE3CA-EDBC-454F-A9A3-737E7A556476}.AppStore|iPhoneSimulator.Deploy.0 = Debug|Any CPU
		{D87EE3CA-EDBC-454F-A9A3-737E7A556476}.Debug|Any CPU.ActiveCfg = Debug|Any CPU
		{D87EE3CA-EDBC-454F-A9A3-737E7A556476}.Debug|Any CPU.Build.0 = Debug|Any CPU
		{D87EE3CA-EDBC-454F-A9A3-737E7A556476}.Debug|Any CPU.Deploy.0 = Debug|Any CPU
		{D87EE3CA-EDBC-454F-A9A3-737E7A556476}.Debug|iPhone.ActiveCfg = Debug|Any CPU
		{D87EE3CA-EDBC-454F-A9A3-737E7A556476}.Debug|iPhone.Build.0 = Debug|Any CPU
		{D87EE3CA-EDBC-454F-A9A3-737E7A556476}.Debug|iPhone.Deploy.0 = Debug|Any CPU
		{D87EE3CA-EDBC-454F-A9A3-737E7A556476}.Debug|iPhoneSimulator.ActiveCfg = Debug|Any CPU
		{D87EE3CA-EDBC-454F-A9A3-737E7A556476}.Debug|iPhoneSimulator.Build.0 = Debug|Any CPU
		{D87EE3CA-EDBC-454F-A9A3-737E7A556476}.Debug|iPhoneSimulator.Deploy.0 = Debug|Any CPU
		{D87EE3CA-EDBC-454F-A9A3-737E7A556476}.Release|Any CPU.ActiveCfg = Release|Any CPU
		{D87EE3CA-EDBC-454F-A9A3-737E7A556476}.Release|Any CPU.Build.0 = Release|Any CPU
		{D87EE3CA-EDBC-454F-A9A3-737E7A556476}.Release|Any CPU.Deploy.0 = Release|Any CPU
		{D87EE3CA-EDBC-454F-A9A3-737E7A556476}.Release|iPhone.ActiveCfg = Release|Any CPU
		{D87EE3CA-EDBC-454F-A9A3-737E7A556476}.Release|iPhone.Build.0 = Release|Any CPU
		{D87EE3CA-EDBC-454F-A9A3-737E7A556476}.Release|iPhone.Deploy.0 = Release|Any CPU
		{D87EE3CA-EDBC-454F-A9A3-737E7A556476}.Release|iPhoneSimulator.ActiveCfg = Release|Any CPU
		{D87EE3CA-EDBC-454F-A9A3-737E7A556476}.Release|iPhoneSimulator.Build.0 = Release|Any CPU
		{D87EE3CA-EDBC-454F-A9A3-737E7A556476}.Release|iPhoneSimulator.Deploy.0 = Release|Any CPU
	EndGlobalSection
	GlobalSection(SolutionProperties) = preSolution
		HideSolutionNode = FALSE
	EndGlobalSection
	GlobalSection(ExtensibilityGlobals) = postSolution
		SolutionGuid = {191826CC-D12A-4A25-8F20-D2957ED2559A}
	EndGlobalSection
EndGlobal
